
Microsoft Visual Studio Solution File, Format Version 12.00
# Visual Studio Version 17
VisualStudioVersion = 17.4.33213.308
MinimumVisualStudioVersion = 10.0.40219.1
Project("{9A19103F-16F7-4668-BE54-9A1E7A4F7556}") = "SquadManager", "SquadManager\SquadManager.csproj", "{920F5158-DA89-4983-BB58-593DD2F9E437}"
EndProject
Project("{2150E333-8FDC-42A3-9474-1A3956D46DE8}") = "1.UI", "1.UI", "{D43F3FCA-6818-4EB5-8CFD-447E30D1F416}"
EndProject
Project("{2150E333-8FDC-42A3-9474-1A3956D46DE8}") = "3.Data", "3.Data", "{39790A58-BFDE-41B1-8BD4-8E2B8E4F574A}"
EndProject
Project("{9A19103F-16F7-4668-BE54-9A1E7A4F7556}") = "Repository", "Repository\Repository.csproj", "{35020900-86B5-4A21-8596-8022B21EA6C6}"
EndProject
Project("{2150E333-8FDC-42A3-9474-1A3956D46DE8}") = "2.Application", "2.Application", "{1F492882-7139-485C-BA13-54C6CAFF8ED6}"
EndProject
Project("{FAE04EC0-301F-11D3-BF4B-00C04F79EFBC}") = "API", "API\API.csproj", "{5F8A6EE6-0A77-4117-92D1-CB54353F489F}"
EndProject
Project("{FAE04EC0-301F-11D3-BF4B-00C04F79EFBC}") = "Common", "Common\Common.csproj", "{FCFC0B44-ED74-465B-9F4F-91BC465F363A}"
EndProject
Global
	GlobalSection(SolutionConfigurationPlatforms) = preSolution
		Debug|Any CPU = Debug|Any CPU
		Release|Any CPU = Release|Any CPU
	EndGlobalSection
	GlobalSection(ProjectConfigurationPlatforms) = postSolution
		{920F5158-DA89-4983-BB58-593DD2F9E437}.Debug|Any CPU.ActiveCfg = Debug|Any CPU
		{920F5158-DA89-4983-BB58-593DD2F9E437}.Debug|Any CPU.Build.0 = Debug|Any CPU
		{920F5158-DA89-4983-BB58-593DD2F9E437}.Release|Any CPU.ActiveCfg = Release|Any CPU
		{920F5158-DA89-4983-BB58-593DD2F9E437}.Release|Any CPU.Build.0 = Release|Any CPU
		{35020900-86B5-4A21-8596-8022B21EA6C6}.Debug|Any CPU.ActiveCfg = Debug|Any CPU
		{35020900-86B5-4A21-8596-8022B21EA6C6}.Debug|Any CPU.Build.0 = Debug|Any CPU
		{35020900-86B5-4A21-8596-8022B21EA6C6}.Release|Any CPU.ActiveCfg = Release|Any CPU
		{35020900-86B5-4A21-8596-8022B21EA6C6}.Release|Any CPU.Build.0 = Release|Any CPU
		{5F8A6EE6-0A77-4117-92D1-CB54353F489F}.Debug|Any CPU.ActiveCfg = Debug|Any CPU
		{5F8A6EE6-0A77-4117-92D1-CB54353F489F}.Debug|Any CPU.Build.0 = Debug|Any CPU
		{5F8A6EE6-0A77-4117-92D1-CB54353F489F}.Release|Any CPU.ActiveCfg = Release|Any CPU
		{5F8A6EE6-0A77-4117-92D1-CB54353F489F}.Release|Any CPU.Build.0 = Release|Any CPU
		{FCFC0B44-ED74-465B-9F4F-91BC465F363A}.Debug|Any CPU.ActiveCfg = Debug|Any CPU
		{FCFC0B44-ED74-465B-9F4F-91BC465F363A}.Debug|Any CPU.Build.0 = Debug|Any CPU
		{FCFC0B44-ED74-465B-9F4F-91BC465F363A}.Release|Any CPU.ActiveCfg = Release|Any CPU
		{FCFC0B44-ED74-465B-9F4F-91BC465F363A}.Release|Any CPU.Build.0 = Release|Any CPU
	EndGlobalSection
	GlobalSection(SolutionProperties) = preSolution
		HideSolutionNode = FALSE
	EndGlobalSection
	GlobalSection(NestedProjects) = preSolution
		{920F5158-DA89-4983-BB58-593DD2F9E437} = {D43F3FCA-6818-4EB5-8CFD-447E30D1F416}
		{35020900-86B5-4A21-8596-8022B21EA6C6} = {39790A58-BFDE-41B1-8BD4-8E2B8E4F574A}
		{5F8A6EE6-0A77-4117-92D1-CB54353F489F} = {1F492882-7139-485C-BA13-54C6CAFF8ED6}
		{FCFC0B44-ED74-465B-9F4F-91BC465F363A} = {1F492882-7139-485C-BA13-54C6CAFF8ED6}
	EndGlobalSection
	GlobalSection(ExtensibilityGlobals) = postSolution
		SolutionGuid = {823303A3-2499-48FE-8AD5-FDBA63083A6B}
	EndGlobalSection
EndGlobal
